# Exact source provenance for the forked media implementation and image policy.
# Archive hashes identify the bytes returned by the published GitHub release-tag
# archive URL. The fork release tags and commits must be present at their
# immutable refs before a hosted image build is permitted; preparation downloads
# those bytes and verifies these hashes before handing them to Docker.
SYNAPSE_UPSTREAM_TAG=v1.159.0
SYNAPSE_UPSTREAM_COMMIT=7b10e6b9bc2dacc33f0974c999f640b55ef831bc
SYNAPSE_FORK_RELEASE=v1.159.0-telecrypt.8
SYNAPSE_FORK_COMMIT=46f2ae94e1e5eca86dc7d33f531908939a72f527
SYNAPSE_FORK_ARCHIVE_SHA256=cdafe15ef40c3018be33a7fd60c311cac6f8e662e9fc4b6780cd20bf2413bab1
S3_PROVIDER_UPSTREAM_TAG=v1.7.0
S3_PROVIDER_UPSTREAM_COMMIT=208157c67ec7321515d07915bb276ae30d69d760
S3_PROVIDER_FORK_RELEASE=v1.7.0-telecrypt.6
S3_PROVIDER_FORK_COMMIT=4518034762a6a0055ae80534c164a753a639b717
S3_PROVIDER_FORK_ARCHIVE_SHA256=1b0d874931dea2d7eac4f6f3e93e110100722cdab854d870680ea77eca62b5e9
POLICY_WHEEL_SHA256=9700ec6d16a1711c94b5d83e518a8a2411e039f1deee0518fd4b1952aedb9330
